
Microsoft Visual Studio Solution File, Format Version 12.00
# Visual Studio Version 17
VisualStudioVersion = 17.4.33213.308
MinimumVisualStudioVersion = 10.0.40219.1
Project("{FAE04EC0-301F-11D3-BF4B-00C04F79EFBC}") = "DataBaseEntityFrameworkNO_CORE", "DataBaseEntityFrameworkNO_CORE.csproj", "{209C3987-7CDE-4096-BC30-A283B62954CE}"
EndProject
Global
	GlobalSection(SolutionConfigurationPlatforms) = preSolution
		Debug|Any CPU = Debug|Any CPU
		Release|Any CPU = Release|Any CPU
	EndGlobalSection
	GlobalSection(ProjectConfigurationPlatforms) = postSolution
		{209C3987-7CDE-4096-BC30-A283B62954CE}.Debug|Any CPU.ActiveCfg = Debug|Any CPU
		{209C3987-7CDE-4096-BC30-A283B62954CE}.Debug|Any CPU.Build.0 = Debug|Any CPU
		{209C3987-7CDE-4096-BC30-A283B62954CE}.Release|Any CPU.ActiveCfg = Release|Any CPU
		{209C3987-7CDE-4096-BC30-A283B62954CE}.Release|Any CPU.Build.0 = Release|Any CPU
	EndGlobalSection
	GlobalSection(SolutionProperties) = preSolution
		HideSolutionNode = FALSE
	EndGlobalSection
	GlobalSection(ExtensibilityGlobals) = postSolution
		SolutionGuid = {E75071F5-B3AE-42AE-AD55-F709558481D9}
	EndGlobalSection
EndGlobal
